
Microsoft Visual Studio Solution File, Format Version 12.00
# Visual Studio Version 16
VisualStudioVersion = 16.0.31019.35
MinimumVisualStudioVersion = 10.0.40219.1
Project("{FAE04EC0-301F-11D3-BF4B-00C04F79EFBC}") = "FileNameOrganizer", "FileNameOrganizer\FileNameOrganizer.csproj", "{4131BC72-5FA6-4F07-8ACC-59A00891DF01}"
EndProject
Global
	GlobalSection(SolutionConfigurationPlatforms) = preSolution
		Debug|Any CPU = Debug|Any CPU
		Release|Any CPU = Release|Any CPU
	EndGlobalSection
	GlobalSection(ProjectConfigurationPlatforms) = postSolution
		{4131BC72-5FA6-4F07-8ACC-59A00891DF01}.Debug|Any CPU.ActiveCfg = Debug|Any CPU
		{4131BC72-5FA6-4F07-8ACC-59A00891DF01}.Debug|Any CPU.Build.0 = Debug|Any CPU
		{4131BC72-5FA6-4F07-8ACC-59A00891DF01}.Release|Any CPU.ActiveCfg = Release|Any CPU
		{4131BC72-5FA6-4F07-8ACC-59A00891DF01}.Release|Any CPU.Build.0 = Release|Any CPU
	EndGlobalSection
	GlobalSection(SolutionProperties) = preSolution
		HideSolutionNode = FALSE
	EndGlobalSection
	GlobalSection(ExtensibilityGlobals) = postSolution
		SolutionGuid = {33777F98-D761-42FA-A7B7-E3FEF8A49AB5}
	EndGlobalSection
EndGlobal
